PODS:
  - AFNetworking (2.4.1):
    - AFNetworking/NSURLConnection
    - AFNetworking/NSURLSession
    - AFNetworking/Reachability
    - AFNetworking/Security
    - AFNetworking/Serialization
    - AFNetworking/UIKit
  - AFNetworking/NSURLConnection (2.4.1):
    - AFNetworking/Reachability
    - AFNetworking/Security
    - AFNetworking/Serialization
  - AFNetworking/NSURLSession (2.4.1):
    - AFNetworking/Reachability
    - AFNetworking/Security
    - AFNetworking/Serialization
  - AFNetworking/Reachability (2.4.1)
  - AFNetworking/Security (2.4.1)
  - AFNetworking/Serialization (2.4.1)
  - AFNetworking/UIKit (2.4.1):
    - AFNetworking/NSURLConnection
    - AFNetworking/NSURLSession
  - BlurryModalSegue (1.1.1):
    - MZAppearance (~> 1.1.1)
    - UIImage+BlurredFrame (~> 0.0.4)
  - MZAppearance (1.1.3)
  - SWRevealViewController (2.0.2)
  - UIImage+BlurredFrame (0.0.4)

DEPENDENCIES:
  - AFNetworking (~> 2.4)
  - BlurryModalSegue
  - SWRevealViewController (~> 2.0.0)

SPEC CHECKSUMS:
  AFNetworking: 0aabc6fae66d6e5d039eeb21c315843c7aae51ab
  BlurryModalSegue: 30a4c9ad970976ca9fb9085e69d4721fedca1d51
  MZAppearance: c88502c0c2345120630c34e09d5ff09e2969ba30
  SWRevealViewController: 119ab2751108a95071b01d24967920af54ebe96e
  UIImage+BlurredFrame: 0c38f5760d72125c47d16001a88faaac573bd35d

COCOAPODS: 0.33.1
